
Microsoft Visual Studio Solution File, Format Version 12.00
Project("{294837ed-751b-4990-8b9f-ea387761d483}") = "LethalTemplate", "LethalTemplate\LethalTemplate.csproj", "{6fe50d0a-0bb1-4e9c-bc7d-6f1920deae86}"
EndProject
Global
	GlobalSection(SolutionConfigurationPlatforms) = preSolution
		Debug|Any CPU = Debug|Any CPU
		Release|Any CPU = Release|Any CPU
	EndGlobalSection
	GlobalSection(ProjectConfigurationPlatforms) = postSolution
		{6fe50d0a-0bb1-4e9c-bc7d-6f1920deae86}.Debug|Any CPU.ActiveCfg = Debug|Any CPU
		{6fe50d0a-0bb1-4e9c-bc7d-6f1920deae86}.Debug|Any CPU.Build.0 = Debug|Any CPU
		{6fe50d0a-0bb1-4e9c-bc7d-6f1920deae86}.Release|Any CPU.ActiveCfg = Release|Any CPU
		{6fe50d0a-0bb1-4e9c-bc7d-6f1920deae86}.Release|Any CPU.Build.0 = Release|Any CPU
	EndGlobalSection
EndGlobal
